{
    "version": "0.5",
    "requires": [
        "zstd/1.5.7#fde461c0d847a22f16d3066774f61b11%1744114235.235",
        "zlib/1.3.1#b8bc2603263cf7eccbd6e17e66b0ed76%1733936244.862",
        "xsimd/13.0.0#3e7543dc526b0f612fe291e0f198c9dc%1719920019.981",
        "thrift/0.20.0#560fdab2e1636d4d8a0556fcf6470b89%1723652527.549",
        "snappy/1.1.9#23f887efb447e3e14ada195edd032e7e%1743607707.007",
        "openssl/3.5.0#62d21a127982d5ddc42a83cffc147a4b%1748533231.389",
        "lz4/1.9.4#4ed63aa8e019d795cd3b8c0d2dd66cda%1743433190.812",
        "libiconv/1.17#73fefc1b696e069df90fd1d18aa63edd%1707122814.387",
        "libevent/2.1.12#c392fe312d5bba962536ac2670da0b08%1743421709.915",
        "libbacktrace/cci.20210118#a7691bfccd8caaf66309df196790a5a1%1722218217.276",
        "fmt/9.1.0#a1cc1c1ad7c209390807709eaa0fb590%1735899176.413",
        "bzip2/1.0.8#00b4a4658791c1f06914e087f0e792f5%1744702067.178",
        "brotli/1.1.0#406ce8f1c997f4ef7852fa01ff85ef9f%1743158659.041",
        "boost/1.85.0#2baea638c1538d8e2cb13491ce421733%1750170394.119",
        "arrow/14.0.1#8d51bb8a6d1a8088e237dbae011c9ac4%1730205008.322"
    ],
    "build_requires": [
        "winflexbison/2.5.25#6b08309e90720974e49b4cf745242e64%1695252638.759",
        "strawberryperl/5.32.1.1#8d114504d172cfea8ea1662d09b6333e",
        "nasm/2.16.01#31e26f2ee3c4346ecd347911bd126904%1745483323.489",
        "nasm/2.15.05#058c93b2214a49ca1cfe9f8f26205568%1703550024.076",
        "m4/1.4.19#b38ced39a01e31fef5435bc634461fd2%1700758725.451",
        "flex/2.6.4#e35bc44b3fcbcd661e0af0dc5b5b1ad4%1674818991.113",
        "cmake/3.31.8#dde3bde00bb843687e55aea5afa0e220",
        "bison/3.8.2#ed1ba0c42d2ab7ab64fc3a62e9ecc673%1688556312.342",
        "b2/5.3.3#107c15377719889654eb9a162a673975%1750340310.079"
    ],
    "python_requires": [],
    "config_requires": []
}
